
Microsoft Visual Studio Solution File, Format Version 12.00
# Visual Studio Version 16
VisualStudioVersion = 25.0.1706.3
MinimumVisualStudioVersion = 10.0.40219.1
Project("{FAE04EC0-301F-11D3-BF4B-00C04F79EFBC}") = "todo", "todo.csproj", "{3566EB1E-8787-4155-B082-3C169E28B690}"
EndProject
Global
	GlobalSection(SolutionConfigurationPlatforms) = preSolution
		Debug|Any CPU = Debug|Any CPU
		Release|Any CPU = Release|Any CPU
	EndGlobalSection
	GlobalSection(ProjectConfigurationPlatforms) = postSolution
		{3566EB1E-8787-4155-B082-3C169E28B690}.Debug|Any CPU.ActiveCfg = Debug|Any CPU
		{3566EB1E-8787-4155-B082-3C169E28B690}.Debug|Any CPU.Build.0 = Debug|Any CPU
		{3566EB1E-8787-4155-B082-3C169E28B690}.Release|Any CPU.ActiveCfg = Release|Any CPU
		{3566EB1E-8787-4155-B082-3C169E28B690}.Release|Any CPU.Build.0 = Release|Any CPU
	EndGlobalSection
	GlobalSection(SolutionProperties) = preSolution
		HideSolutionNode = FALSE
	EndGlobalSection
	GlobalSection(ExtensibilityGlobals) = postSolution
		SolutionGuid = {4F7742E2-FBD7-429E-81EE-408001B19855}
	EndGlobalSection
EndGlobal
